// !$*UTF8*$!
{
	archiveVersion = 1;
	classes = {
	};
	objectVersion = 48;
	objects = {

/* Begin PBXBuildFile section */
		18078C94202585C8002B7F30 /* AssetsLibrary.framework in Frameworks */ = {isa = PBXBuildFile; fileRef = 18078C93202585C8002B7F30 /* AssetsLibrary.framework */; };
		18078C96202585D0002B7F30 /* AudioToolbox.framework in Frameworks */ = {isa = PBXBuildFile; fileRef = 18078C95202585D0002B7F30 /* AudioToolbox.framework */; };
		18078C98202585D6002B7F30 /* AVFoundation.framework in Frameworks */ = {isa = PBXBuildFile; fileRef = 18078C97202585D6002B7F30 /* AVFoundation.framework */; };
		18078C9A202585DD002B7F30 /* CFNetwork.framework in Frameworks */ = {isa = PBXBuildFile; fileRef = 18078C99202585DD002B7F30 /* CFNetwork.framework */; };
		18078C9C202585E3002B7F30 /* CoreAudio.framework in Frameworks */ = {isa = PBXBuildFile; fileRef = 18078C9B202585E3002B7F30 /* CoreAudio.framework */; };
		18078C9E202585E9002B7F30 /* CoreGraphics.framework in Frameworks */ = {isa = PBXBuildFile; fileRef = 18078C9D202585E9002B7F30 /* CoreGraphics.framework */; };
		18078CA0202585EF002B7F30 /* CoreLocation.framework in Frameworks */ = {isa = PBXBuildFile; fileRef = 18078C9F202585EE002B7F30 /* CoreLocation.framework */; };
		18078CA2202585F5002B7F30 /* CoreMedia.framework in Frameworks */ = {isa = PBXBuildFile; fileRef = 18078CA1202585F5002B7F30 /* CoreMedia.framework */; };
		18078CA4202585FB002B7F30 /* CoreTelephony.framework in Frameworks */ = {isa = PBXBuildFile; fileRef = 18078CA3202585FB002B7F30 /* CoreTelephony.framework */; };
		18078CA620258601002B7F30 /* CoreVideo.framework in Frameworks */ = {isa = PBXBuildFile; fileRef = 18078CA520258601002B7F30 /* CoreVideo.framework */; };
		18078CA820258608002B7F30 /* ImageIO.framework in Frameworks */ = {isa = PBXBuildFile; fileRef = 18078CA720258607002B7F30 /* ImageIO.framework */; };
		18078CAA20258618002B7F30 /* libc++.tbd in Frameworks */ = {isa = PBXBuildFile; fileRef = 18078CA920258618002B7F30 /* libc++.tbd */; };
		18078CAC20258620002B7F30 /* libc++abi.tbd in Frameworks */ = {isa = PBXBuildFile; fileRef = 18078CAB20258620002B7F30 /* libc++abi.tbd */; };
		18078CAE20258628002B7F30 /* libsqlite3.tbd in Frameworks */ = {isa = PBXBuildFile; fileRef = 18078CAD20258628002B7F30 /* libsqlite3.tbd */; };
		18078CB020258630002B7F30 /* libstdc++.tbd in Frameworks */ = {isa = PBXBuildFile; fileRef = 18078CAF20258630002B7F30 /* libstdc++.tbd */; };
		18078CB220258639002B7F30 /* libxml2.tbd in Frameworks */ = {isa = PBXBuildFile; fileRef = 18078CB120258639002B7F30 /* libxml2.tbd */; };
		18078CB420258640002B7F30 /* libz.tbd in Frameworks */ = {isa = PBXBuildFile; fileRef = 18078CB320258640002B7F30 /* libz.tbd */; };
		18078CB620258648002B7F30 /* MapKit.framework in Frameworks */ = {isa = PBXBuildFile; fileRef = 18078CB520258648002B7F30 /* MapKit.framework */; };
		18078CB820258651002B7F30 /* OpenGLES.framework in Frameworks */ = {isa = PBXBuildFile; fileRef = 18078CB720258651002B7F30 /* OpenGLES.framework */; };
		18078CBA20258658002B7F30 /* QuartzCore.framework in Frameworks */ = {isa = PBXBuildFile; fileRef = 18078CB920258658002B7F30 /* QuartzCore.framework */; };
		18078CBC20258663002B7F30 /* SystemConfiguration.framework in Frameworks */ = {isa = PBXBuildFile; fileRef = 18078CBB20258663002B7F30 /* SystemConfiguration.framework */; };
		18078CBE2025866B002B7F30 /* UIKit.framework in Frameworks */ = {isa = PBXBuildFile; fileRef = 18078CBD2025866B002B7F30 /* UIKit.framework */; };
		18078CC020258673002B7F30 /* Photos.framework in Frameworks */ = {isa = PBXBuildFile; fileRef = 18078CBF20258673002B7F30 /* Photos.framework */; };
		18078CC22025867E002B7F30 /* SafariServices.framework in Frameworks */ = {isa = PBXBuildFile; fileRef = 18078CC12025867E002B7F30 /* SafariServices.framework */; };
		18078CC320258A8B002B7F30 /* libPods-OnlyTa.a in Frameworks */ = {isa = PBXBuildFile; fileRef = 18078CC420258A8B002B7F30 /* libPods-OnlyTa.a */; };
		18DCC603202581CC003452EE /* AppDelegate.m in Sources */ = {isa = PBXBuildFile; fileRef = 18DCC602202581CC003452EE /* AppDelegate.m */; };
		18DCC606202581CC003452EE /* ViewController.m in Sources */ = {isa = PBXBuildFile; fileRef = 18DCC605202581CC003452EE /* ViewController.m */; };
		18DCC609202581CC003452EE /* Main.storyboard in Resources */ = {isa = PBXBuildFile; fileRef = 18DCC607202581CC003452EE /* Main.storyboard */; };
		18DCC60B202581CC003452EE /* Assets.xcassets in Resources */ = {isa = PBXBuildFile; fileRef = 18DCC60A202581CC003452EE /* Assets.xcassets */; };
		18DCC60E202581CC003452EE /* LaunchScreen.storyboard in Resources */ = {isa = PBXBuildFile; fileRef = 18DCC60C202581CC003452EE /* LaunchScreen.storyboard */; };
		18DCC611202581CC003452EE /* main.m in Sources */ = {isa = PBXBuildFile; fileRef = 18DCC610202581CC003452EE /* main.m */; };
/* End PBXBuildFile section */

/* Begin PBXFileReference section */
		0B9DF1608F5CD12C140E748D /* Pods-OnlyTa.release.xcconfig */ = {isa = PBXFileReference; includeInIndex = 1; lastKnownFileType = text.xcconfig; name = "Pods-OnlyTa.release.xcconfig"; path = "Pods/Target Support Files/Pods-OnlyTa/Pods-OnlyTa.release.xcconfig"; sourceTree = "<group>"; };
		18078C93202585C8002B7F30 /* AssetsLibrary.framework */ = {isa = PBXFileReference; lastKnownFileType = wrapper.framework; name = AssetsLibrary.framework; path = System/Library/Frameworks/AssetsLibrary.framework; sourceTree = SDKROOT; };
		18078C95202585D0002B7F30 /* AudioToolbox.framework */ = {isa = PBXFileReference; lastKnownFileType = wrapper.framework; name = AudioToolbox.framework; path = System/Library/Frameworks/AudioToolbox.framework; sourceTree = SDKROOT; };
		18078C97202585D6002B7F30 /* AVFoundation.framework */ = {isa = PBXFileReference; lastKnownFileType = wrapper.framework; name = AVFoundation.framework; path = System/Library/Frameworks/AVFoundation.framework; sourceTree = SDKROOT; };
		18078C99202585DD002B7F30 /* CFNetwork.framework */ = {isa = PBXFileReference; lastKnownFileType = wrapper.framework; name = CFNetwork.framework; path = System/Library/Frameworks/CFNetwork.framework; sourceTree = SDKROOT; };
		18078C9B202585E3002B7F30 /* CoreAudio.framework */ = {isa = PBXFileReference; lastKnownFileType = wrapper.framework; name = CoreAudio.framework; path = System/Library/Frameworks/CoreAudio.framework; sourceTree = SDKROOT; };
		18078C9D202585E9002B7F30 /* CoreGraphics.framework */ = {isa = PBXFileReference; lastKnownFileType = wrapper.framework; name = CoreGraphics.framework; path = System/Library/Frameworks/CoreGraphics.framework; sourceTree = SDKROOT; };
		18078C9F202585EE002B7F30 /* CoreLocation.framework */ = {isa = PBXFileReference; lastKnownFileType = wrapper.framework; name = CoreLocation.framework; path = System/Library/Frameworks/CoreLocation.framework; sourceTree = SDKROOT; };
		18078CA1202585F5002B7F30 /* CoreMedia.framework */ = {isa = PBXFileReference; lastKnownFileType = wrapper.framework; name = CoreMedia.framework; path = System/Library/Frameworks/CoreMedia.framework; sourceTree = SDKROOT; };
		18078CA3202585FB002B7F30 /* CoreTelephony.framework */ = {isa = PBXFileReference; lastKnownFileType = wrapper.framework; name = CoreTelephony.framework; path = System/Library/Frameworks/CoreTelephony.framework; sourceTree = SDKROOT; };
		18078CA520258601002B7F30 /* CoreVideo.framework */ = {isa = PBXFileReference; lastKnownFileType = wrapper.framework; name = CoreVideo.framework; path = System/Library/Frameworks/CoreVideo.framework; sourceTree = SDKROOT; };
		18078CA720258607002B7F30 /* ImageIO.framework */ = {isa = PBXFileReference; lastKnownFileType = wrapper.framework; name = ImageIO.framework; path = System/Library/Frameworks/ImageIO.framework; sourceTree = SDKROOT; };
		18078CA920258618002B7F30 /* libc++.tbd */ = {isa = PBXFileReference; lastKnownFileType = "sourcecode.text-based-dylib-definition"; name = "libc++.tbd"; path = "usr/lib/libc++.tbd"; sourceTree = SDKROOT; };
		18078CAB20258620002B7F30 /* libc++abi.tbd */ = {isa = PBXFileReference; lastKnownFileType = "sourcecode.text-based-dylib-definition"; name = "libc++abi.tbd"; path = "usr/lib/libc++abi.tbd"; sourceTree = SDKROOT; };
		18078CAD20258628002B7F30 /* libsqlite3.tbd */ = {isa = PBXFileReference; lastKnownFileType = "sourcecode.text-based-dylib-definition"; name = libsqlite3.tbd; path = usr/lib/libsqlite3.tbd; sourceTree = SDKROOT; };
		18078CAF20258630002B7F30 /* libstdc++.tbd */ = {isa = PBXFileReference; lastKnownFileType = "sourcecode.text-based-dylib-definition"; name = "libstdc++.tbd"; path = "usr/lib/libstdc++.tbd"; sourceTree = SDKROOT; };
		18078CB120258639002B7F30 /* libxml2.tbd */ = {isa = PBXFileReference; lastKnownFileType = "sourcecode.text-based-dylib-definition"; name = libxml2.tbd; path = usr/lib/libxml2.tbd; sourceTree = SDKROOT; };
		18078CB320258640002B7F30 /* libz.tbd */ = {isa = PBXFileReference; lastKnownFileType = "sourcecode.text-based-dylib-definition"; name = libz.tbd; path = usr/lib/libz.tbd; sourceTree = SDKROOT; };
		18078CB520258648002B7F30 /* MapKit.framework */ = {isa = PBXFileReference; lastKnownFileType = wrapper.framework; name = MapKit.framework; path = System/Library/Frameworks/MapKit.framework; sourceTree = SDKROOT; };
		18078CB720258651002B7F30 /* OpenGLES.framework */ = {isa = PBXFileReference; lastKnownFileType = wrapper.framework; name = OpenGLES.framework; path = System/Library/Frameworks/OpenGLES.framework; sourceTree = SDKROOT; };
		18078CB920258658002B7F30 /* QuartzCore.framework */ = {isa = PBXFileReference; lastKnownFileType = wrapper.framework; name = QuartzCore.framework; path = System/Library/Frameworks/QuartzCore.framework; sourceTree = SDKROOT; };
		18078CBB20258663002B7F30 /* SystemConfiguration.framework */ = {isa = PBXFileReference; lastKnownFileType = wrapper.framework; name = SystemConfiguration.framework; path = System/Library/Frameworks/SystemConfiguration.framework; sourceTree = SDKROOT; };
		18078CBD2025866B002B7F30 /* UIKit.framework */ = {isa = PBXFileReference; lastKnownFileType = wrapper.framework; name = UIKit.framework; path = System/Library/Frameworks/UIKit.framework; sourceTree = SDKROOT; };
		18078CBF20258673002B7F30 /* Photos.framework */ = {isa = PBXFileReference; lastKnownFileType = wrapper.framework; name = Photos.framework; path = System/Library/Frameworks/Photos.framework; sourceTree = SDKROOT; };
		18078CC12025867E002B7F30 /* SafariServices.framework */ = {isa = PBXFileReference; lastKnownFileType = wrapper.framework; name = SafariServices.framework; path = System/Library/Frameworks/SafariServices.framework; sourceTree = SDKROOT; };
		18078CC420258A8B002B7F30 /* libPods-OnlyTa.a */ = {isa = PBXFileReference; explicitFileType = archive.ar; path = "libPods-OnlyTa.a"; sourceTree = BUILT_PRODUCTS_DIR; };
		18DCC5FE202581CC003452EE /* OnlyTa.app */ = {isa = PBXFileReference; explicitFileType = wrapper.application; includeInIndex = 0; path = OnlyTa.app; sourceTree = BUILT_PRODUCTS_DIR; };
		18DCC601202581CC003452EE /* AppDelegate.h */ = {isa = PBXFileReference; lastKnownFileType = sourcecode.c.h; path = AppDelegate.h; sourceTree = "<group>"; };
		18DCC602202581CC003452EE /* AppDelegate.m */ = {isa = PBXFileReference; lastKnownFileType = sourcecode.c.objc; path = AppDelegate.m; sourceTree = "<group>"; };
		18DCC604202581CC003452EE /* ViewController.h */ = {isa = PBXFileReference; lastKnownFileType = sourcecode.c.h; path = ViewController.h; sourceTree = "<group>"; };
		18DCC605202581CC003452EE /* ViewController.m */ = {isa = PBXFileReference; lastKnownFileType = sourcecode.c.objc; path = ViewController.m; sourceTree = "<group>"; };
		18DCC608202581CC003452EE /* Base */ = {isa = PBXFileReference; lastKnownFileType = file.storyboard; name = Base; path = Base.lproj/Main.storyboard; sourceTree = "<group>"; };
		18DCC60A202581CC003452EE /* Assets.xcassets */ = {isa = PBXFileReference; lastKnownFileType = folder.assetcatalog; path = Assets.xcassets; sourceTree = "<group>"; };
		18DCC60D202581CC003452EE /* Base */ = {isa = PBXFileReference; lastKnownFileType = file.storyboard; name = Base; path = Base.lproj/LaunchScreen.storyboard; sourceTree = "<group>"; };
		18DCC60F202581CC003452EE /* Info.plist */ = {isa = PBXFileReference; lastKnownFileType = text.plist.xml; path = Info.plist; sourceTree = "<group>"; };
		18DCC610202581CC003452EE /* main.m */ = {isa = PBXFileReference; lastKnownFileType = sourcecode.c.objc; path = main.m; sourceTree = "<group>"; };
		9085B73CE6A06192D66A4DD7 /* libPods-OnlyTa.a */ = {isa = PBXFileReference; explicitFileType = archive.ar; includeInIndex = 0; path = "libPods-OnlyTa.a"; sourceTree = BUILT_PRODUCTS_DIR; };
		A97E9F5CCAE01EEEA3BD8C1A /* Pods-OnlyTa.debug.xcconfig */ = {isa = PBXFileReference; includeInIndex = 1; lastKnownFileType = text.xcconfig; name = "Pods-OnlyTa.debug.xcconfig"; path = "Pods/Target Support Files/Pods-OnlyTa/Pods-OnlyTa.debug.xcconfig"; sourceTree = "<group>"; };
/* End PBXFileReference section */

/* Begin PBXFrameworksBuildPhase section */
		18DCC5FB202581CC003452EE /* Frameworks */ = {
			isa = PBXFrameworksBuildPhase;
			buildActionMask = 2147483647;
			files = (
				18078CC320258A8B002B7F30 /* libPods-OnlyTa.a in Frameworks */,
				18078CC22025867E002B7F30 /* SafariServices.framework in Frameworks */,
				18078CC020258673002B7F30 /* Photos.framework in Frameworks */,
				18078CBE2025866B002B7F30 /* UIKit.framework in Frameworks */,
				18078CBC20258663002B7F30 /* SystemConfiguration.framework in Frameworks */,
				18078CBA20258658002B7F30 /* QuartzCore.framework in Frameworks */,
				18078CB820258651002B7F30 /* OpenGLES.framework in Frameworks */,
				18078CB620258648002B7F30 /* MapKit.framework in Frameworks */,
				18078CB420258640002B7F30 /* libz.tbd in Frameworks */,
				18078CB220258639002B7F30 /* libxml2.tbd in Frameworks */,
				18078CB020258630002B7F30 /* libstdc++.tbd in Frameworks */,
				18078CAE20258628002B7F30 /* libsqlite3.tbd in Frameworks */,
				18078CAC20258620002B7F30 /* libc++abi.tbd in Frameworks */,
				18078CAA20258618002B7F30 /* libc++.tbd in Frameworks */,
				18078CA820258608002B7F30 /* ImageIO.framework in Frameworks */,
				18078CA620258601002B7F30 /* CoreVideo.framework in Frameworks */,
				18078CA4202585FB002B7F30 /* CoreTelephony.framework in Frameworks */,
				18078CA2202585F5002B7F30 /* CoreMedia.framework in Frameworks */,
				18078CA0202585EF002B7F30 /* CoreLocation.framework in Frameworks */,
				18078C9E202585E9002B7F30 /* CoreGraphics.framework in Frameworks */,
				18078C9C202585E3002B7F30 /* CoreAudio.framework in Frameworks */,
				18078C9A202585DD002B7F30 /* CFNetwork.framework in Frameworks */,
				18078C98202585D6002B7F30 /* AVFoundation.framework in Frameworks */,
				18078C96202585D0002B7F30 /* AudioToolbox.framework in Frameworks */,
				18078C94202585C8002B7F30 /* AssetsLibrary.framework in Frameworks */,
			);
			runOnlyForDeploymentPostprocessing = 0;
		};
/* End PBXFrameworksBuildPhase section */

/* Begin PBXGroup section */
		18DCC5F5202581CC003452EE = {
			isa = PBXGroup;
			children = (
				18DCC600202581CC003452EE /* OnlyTa */,
				18DCC5FF202581CC003452EE /* Products */,
				B71B835EB416E09C1068C842 /* Pods */,
				9438BDA3258AB57BED396064 /* Frameworks */,
			);
			sourceTree = "<group>";
		};
		18DCC5FF202581CC003452EE /* Products */ = {
			isa = PBXGroup;
			children = (
				18DCC5FE202581CC003452EE /* OnlyTa.app */,
			);
			name = Products;
			sourceTree = "<group>";
		};
		18DCC600202581CC003452EE /* OnlyTa */ = {
			isa = PBXGroup;
			children = (
				18DCC601202581CC003452EE /* AppDelegate.h */,
				18DCC602202581CC003452EE /* AppDelegate.m */,
				18DCC604202581CC003452EE /* ViewController.h */,
				18DCC605202581CC003452EE /* ViewController.m */,
				18DCC607202581CC003452EE /* Main.storyboard */,
				18DCC60A202581CC003452EE /* Assets.xcassets */,
				18DCC60C202581CC003452EE /* LaunchScreen.storyboard */,
				18DCC60F202581CC003452EE /* Info.plist */,
				18DCC610202581CC003452EE /* main.m */,
			);
			path = OnlyTa;
			sourceTree = "<group>";
		};
		9438BDA3258AB57BED396064 /* Frameworks */ = {
			isa = PBXGroup;
			children = (
				18078CC420258A8B002B7F30 /* libPods-OnlyTa.a */,
				18078CC12025867E002B7F30 /* SafariServices.framework */,
				18078CBF20258673002B7F30 /* Photos.framework */,
				18078CBD2025866B002B7F30 /* UIKit.framework */,
				18078CBB20258663002B7F30 /* SystemConfiguration.framework */,
				18078CB920258658002B7F30 /* QuartzCore.framework */,
				18078CB720258651002B7F30 /* OpenGLES.framework */,
				18078CB520258648002B7F30 /* MapKit.framework */,
				18078CB320258640002B7F30 /* libz.tbd */,
				18078CB120258639002B7F30 /* libxml2.tbd */,
				18078CAF20258630002B7F30 /* libstdc++.tbd */,
				18078CAD20258628002B7F30 /* libsqlite3.tbd */,
				18078CAB20258620002B7F30 /* libc++abi.tbd */,
				18078CA920258618002B7F30 /* libc++.tbd */,
				18078CA720258607002B7F30 /* ImageIO.framework */,
				18078CA520258601002B7F30 /* CoreVideo.framework */,
				18078CA3202585FB002B7F30 /* CoreTelephony.framework */,
				18078CA1202585F5002B7F30 /* CoreMedia.framework */,
				18078C9F202585EE002B7F30 /* CoreLocation.framework */,
				18078C9D202585E9002B7F30 /* CoreGraphics.framework */,
				18078C9B202585E3002B7F30 /* CoreAudio.framework */,
				18078C99202585DD002B7F30 /* CFNetwork.framework */,
				18078C97202585D6002B7F30 /* AVFoundation.framework */,
				18078C95202585D0002B7F30 /* AudioToolbox.framework */,
				18078C93202585C8002B7F30 /* AssetsLibrary.framework */,
				9085B73CE6A06192D66A4DD7 /* libPods-OnlyTa.a */,
			);
			name = Frameworks;
			sourceTree = "<group>";
		};
		B71B835EB416E09C1068C842 /* Pods */ = {
			isa = PBXGroup;
			children = (
				A97E9F5CCAE01EEEA3BD8C1A /* Pods-OnlyTa.debug.xcconfig */,
				0B9DF1608F5CD12C140E748D /* Pods-OnlyTa.release.xcconfig */,
			);
			name = Pods;
			sourceTree = "<group>";
		};
/* End PBXGroup section */

/* Begin PBXNativeTarget section */
		18DCC5FD202581CC003452EE /* OnlyTa */ = {
			isa = PBXNativeTarget;
			buildConfigurationList = 18DCC614202581CC003452EE /* Build configuration list for PBXNativeTarget "OnlyTa" */;
			buildPhases = (
				99ABF3B6AC5FF5C07E8930E2 /* [CP] Check Pods Manifest.lock */,
				18DCC5FA202581CC003452EE /* Sources */,
				18DCC5FB202581CC003452EE /* Frameworks */,
				18DCC5FC202581CC003452EE /* Resources */,
				2089C9E762A1AF02787A4743 /* [CP] Embed Pods Frameworks */,
				907D5D37A9131534AEE7A41E /* [CP] Copy Pods Resources */,
			);
			buildRules = (
			);
			dependencies = (
			);
			name = OnlyTa;
			productName = OnlyTa;
			productReference = 18DCC5FE202581CC003452EE /* OnlyTa.app */;
			productType = "com.apple.product-type.application";
		};
/* End PBXNativeTarget section */

/* Begin PBXProject section */
		18DCC5F6202581CC003452EE /* Project object */ = {
			isa = PBXProject;
			attributes = {
				LastUpgradeCheck = 0920;
				ORGANIZATIONNAME = a1anwang;
				TargetAttributes = {
					18DCC5FD202581CC003452EE = {
						CreatedOnToolsVersion = 9.2;
						ProvisioningStyle = Automatic;
					};
				};
			};
			buildConfigurationList = 18DCC5F9202581CC003452EE /* Build configuration list for PBXProject "OnlyTa" */;
			compatibilityVersion = "Xcode 8.0";
			developmentRegion = en;
			hasScannedForEncodings = 0;
			knownRegions = (
				en,
				Base,
			);
			mainGroup = 18DCC5F5202581CC003452EE;
			productRefGroup = 18DCC5FF202581CC003452EE /* Products */;
			projectDirPath = "";
			projectRoot = "";
			targets = (
				18DCC5FD202581CC003452EE /* OnlyTa */,
			);
		};
/* End PBXProject section */

/* Begin PBXResourcesBuildPhase section */
		18DCC5FC202581CC003452EE /* Resources */ = {
			isa = PBXResourcesBuildPhase;
			buildActionMask = 2147483647;
			files = (
				18DCC60E202581CC003452EE /* LaunchScreen.storyboard in Resources */,
				18DCC60B202581CC003452EE /* Assets.xcassets in Resources */,
				18DCC609202581CC003452EE /* Main.storyboard in Resources */,
			);
			runOnlyForDeploymentPostprocessing = 0;
		};
/* End PBXResourcesBuildPhase section */

/* Begin PBXShellScriptBuildPhase section */
		2089C9E762A1AF02787A4743 /* [CP] Embed Pods Frameworks */ = {
			isa = PBXShellScriptBuildPhase;
			buildActionMask = 2147483647;
			files = (
			);
			inputPaths = (
			);
			name = "[CP] Embed Pods Frameworks";
			outputPaths = (
			);
			runOnlyForDeploymentPostprocessing = 0;
			shellPath = /bin/sh;
			shellScript = "\"${SRCROOT}/Pods/Target Support Files/Pods-OnlyTa/Pods-OnlyTa-frameworks.sh\"\n";
			showEnvVarsInLog = 0;
		};
		907D5D37A9131534AEE7A41E /* [CP] Copy Pods Resources */ = {
			isa = PBXShellScriptBuildPhase;
			buildActionMask = 2147483647;
			files = (
			);
			inputPaths = (
				"${SRCROOT}/Pods/Target Support Files/Pods-OnlyTa/Pods-OnlyTa-resources.sh",
				"${PODS_ROOT}/RongCloudIM/RongCloudIM/RongCloud.bundle",
				"${PODS_ROOT}/RongCloudIM/RongCloudIM/en.lproj",
				"${PODS_ROOT}/RongCloudIM/RongCloudIM/zh-Hans.lproj",
				"${PODS_ROOT}/RongCloudIM/RongCloudIM/Emoji.plist",
				"${PODS_ROOT}/RongCloudIM/RongCloudIM/RCConfig.plist",
			);
			name = "[CP] Copy Pods Resources";
			outputPaths = (
				"${TARGET_BUILD_DIR}/${UNLOCALIZED_RESOURCES_FOLDER_PATH}/RongCloud.bundle",
				"${TARGET_BUILD_DIR}/${UNLOCALIZED_RESOURCES_FOLDER_PATH}/en.lproj",
				"${TARGET_BUILD_DIR}/${UNLOCALIZED_RESOURCES_FOLDER_PATH}/zh-Hans.lproj",
				"${TARGET_BUILD_DIR}/${UNLOCALIZED_RESOURCES_FOLDER_PATH}/Emoji.plist",
				"${TARGET_BUILD_DIR}/${UNLOCALIZED_RESOURCES_FOLDER_PATH}/RCConfig.plist",
			);
			runOnlyForDeploymentPostprocessing = 0;
			shellPath = /bin/sh;
			shellScript = "\"${SRCROOT}/Pods/Target Support Files/Pods-OnlyTa/Pods-OnlyTa-resources.sh\"\n";
			showEnvVarsInLog = 0;
		};
		99ABF3B6AC5FF5C07E8930E2 /* [CP] Check Pods Manifest.lock */ = {
			isa = PBXShellScriptBuildPhase;
			buildActionMask = 2147483647;
			files = (
			);
			inputPaths = (
				"${PODS_PODFILE_DIR_PATH}/Podfile.lock",
				"${PODS_ROOT}/Manifest.lock",
			);
			name = "[CP] Check Pods Manifest.lock";
			outputPaths = (
				"$(DERIVED_FILE_DIR)/Pods-OnlyTa-checkManifestLockResult.txt",
			);
			runOnlyForDeploymentPostprocessing = 0;
			shellPath = /bin/sh;
			shellScript = "diff \"${PODS_PODFILE_DIR_PATH}/Podfile.lock\" \"${PODS_ROOT}/Manifest.lock\" > /dev/null\nif [ $? != 0 ] ; then\n    # print error to STDERR\n    echo \"error: The sandbox is not in sync with the Podfile.lock. Run 'pod install' or update your CocoaPods installation.\" >&2\n    exit 1\nfi\n# This output is used by Xcode 'outputs' to avoid re-running this script phase.\necho \"SUCCESS\" > \"${SCRIPT_OUTPUT_FILE_0}\"\n";
			showEnvVarsInLog = 0;
		};
/* End PBXShellScriptBuildPhase section */

/* Begin PBXSourcesBuildPhase section */
		18DCC5FA202581CC003452EE /* Sources */ = {
			isa = PBXSourcesBuildPhase;
			buildActionMask = 2147483647;
			files = (
				18DCC606202581CC003452EE /* ViewController.m in Sources */,
				18DCC611202581CC003452EE /* main.m in Sources */,
				18DCC603202581CC003452EE /* AppDelegate.m in Sources */,
			);
			runOnlyForDeploymentPostprocessing = 0;
		};
/* End PBXSourcesBuildPhase section */

/* Begin PBXVariantGroup section */
		18DCC607202581CC003452EE /* Main.storyboard */ = {
			isa = PBXVariantGroup;
			children = (
				18DCC608202581CC003452EE /* Base */,
			);
			name = Main.storyboard;
			sourceTree = "<group>";
		};
		18DCC60C202581CC003452EE /* LaunchScreen.storyboard */ = {
			isa = PBXVariantGroup;
			children = (
				18DCC60D202581CC003452EE /* Base */,
			);
			name = LaunchScreen.storyboard;
			sourceTree = "<group>";
		};
/* End PBXVariantGroup section */

/* Begin XCBuildConfiguration section */
		18DCC612202581CC003452EE /* Debug */ = {
			isa = XCBuildConfiguration;
			buildSettings = {
				ALWAYS_SEARCH_USER_PATHS = NO;
				CLANG_ANALYZER_NONNULL = YES;
				CLANG_ANALYZER_NUMBER_OBJECT_CONVERSION = YES_AGGRESSIVE;
				CLANG_CXX_LANGUAGE_STANDARD = "gnu++14";
				CLANG_CXX_LIBRARY = "libc++";
				CLANG_ENABLE_MODULES = YES;
				CLANG_ENABLE_OBJC_ARC = YES;
				CLANG_WARN_BLOCK_CAPTURE_AUTORELEASING = YES;
				CLANG_WARN_BOOL_CONVERSION = YES;
				CLANG_WARN_COMMA = YES;
				CLANG_WARN_CONSTANT_CONVERSION = YES;
				CLANG_WARN_DIRECT_OBJC_ISA_USAGE = YES_ERROR;
				CLANG_WARN_DOCUMENTATION_COMMENTS = YES;
				CLANG_WARN_EMPTY_BODY = YES;
				CLANG_WARN_ENUM_CONVERSION = YES;
				CLANG_WARN_INFINITE_RECURSION = YES;
				CLANG_WARN_INT_CONVERSION = YES;
				CLANG_WARN_NON_LITERAL_NULL_CONVERSION = YES;
				CLANG_WARN_OBJC_LITERAL_CONVERSION = YES;
				CLANG_WARN_OBJC_ROOT_CLASS = YES_ERROR;
				CLANG_WARN_RANGE_LOOP_ANALYSIS = YES;
				CLANG_WARN_STRICT_PROTOTYPES = YES;
				CLANG_WARN_SUSPICIOUS_MOVE = YES;
				CLANG_WARN_UNGUARDED_AVAILABILITY = YES_AGGRESSIVE;
				CLANG_WARN_UNREACHABLE_CODE = YES;
				CLANG_WARN__DUPLICATE_METHOD_MATCH = YES;
				CODE_SIGN_IDENTITY = "iPhone Developer";
				COPY_PHASE_STRIP = NO;
				DEBUG_INFORMATION_FORMAT = dwarf;
				ENABLE_STRICT_OBJC_MSGSEND = YES;
				ENABLE_TESTABILITY = YES;
				GCC_C_LANGUAGE_STANDARD = gnu11;
				GCC_DYNAMIC_NO_PIC = NO;
				GCC_NO_COMMON_BLOCKS = YES;
				GCC_OPTIMIZATION_LEVEL = 0;
				GCC_PREPROCESSOR_DEFINITIONS = (
					"DEBUG=1",
					"$(inherited)",
				);
				GCC_WARN_64_TO_32_BIT_CONVERSION = YES;
				GCC_WARN_ABOUT_RETURN_TYPE = YES_ERROR;
				GCC_WARN_UNDECLARED_SELECTOR = YES;
				GCC_WARN_UNINITIALIZED_AUTOS = YES_AGGRESSIVE;
				GCC_WARN_UNUSED_FUNCTION = YES;
				GCC_WARN_UNUSED_VARIABLE = YES;
				IPHONEOS_DEPLOYMENT_TARGET = 7.0;
				MTL_ENABLE_DEBUG_INFO = YES;
				ONLY_ACTIVE_ARCH = YES;
				OTHER_LDFLAGS = "-ObjC";
				SDKROOT = iphoneos;
			};
			name = Debug;
		};
		18DCC613202581CC003452EE /* Release */ = {
			isa = XCBuildConfiguration;
			buildSettings = {
				ALWAYS_SEARCH_USER_PATHS = NO;
				CLANG_ANALYZER_NONNULL = YES;
				CLANG_ANALYZER_NUMBER_OBJECT_CONVERSION = YES_AGGRESSIVE;
				CLANG_CXX_LANGUAGE_STANDARD = "gnu++14";
				CLANG_CXX_LIBRARY = "libc++";
				CLANG_ENABLE_MODULES = YES;
				CLANG_ENABLE_OBJC_ARC = YES;
				CLANG_WARN_BLOCK_CAPTURE_AUTORELEASING = YES;
				CLANG_WARN_BOOL_CONVERSION = YES;
				CLANG_WARN_COMMA = YES;
				CLANG_WARN_CONSTANT_CONVERSION = YES;
				CLANG_WARN_DIRECT_OBJC_ISA_USAGE = YES_ERROR;
				CLANG_WARN_DOCUMENTATION_COMMENTS = YES;
				CLANG_WARN_EMPTY_BODY = YES;
				CLANG_WARN_ENUM_CONVERSION = YES;
				CLANG_WARN_INFINITE_RECURSION = YES;
				CLANG_WARN_INT_CONVERSION = YES;
				CLANG_WARN_NON_LITERAL_NULL_CONVERSION = YES;
				CLANG_WARN_OBJC_LITERAL_CONVERSION = YES;
				CLANG_WARN_OBJC_ROOT_CLASS = YES_ERROR;
				CLANG_WARN_RANGE_LOOP_ANALYSIS = YES;
				CLANG_WARN_STRICT_PROTOTYPES = YES;
				CLANG_WARN_SUSPICIOUS_MOVE = YES;
				CLANG_WARN_UNGUARDED_AVAILABILITY = YES_AGGRESSIVE;
				CLANG_WARN_UNREACHABLE_CODE = YES;
				CLANG_WARN__DUPLICATE_METHOD_MATCH = YES;
				CODE_SIGN_IDENTITY = "iPhone Developer";
				COPY_PHASE_STRIP = NO;
				DEBUG_INFORMATION_FORMAT = "dwarf-with-dsym";
				ENABLE_NS_ASSERTIONS = NO;
				ENABLE_STRICT_OBJC_MSGSEND = YES;
				GCC_C_LANGUAGE_STANDARD = gnu11;
				GCC_NO_COMMON_BLOCKS = YES;
				GCC_WARN_64_TO_32_BIT_CONVERSION = YES;
				GCC_WARN_ABOUT_RETURN_TYPE = YES_ERROR;
				GCC_WARN_UNDECLARED_SELECTOR = YES;
				GCC_WARN_UNINITIALIZED_AUTOS = YES_AGGRESSIVE;
				GCC_WARN_UNUSED_FUNCTION = YES;
				GCC_WARN_UNUSED_VARIABLE = YES;
				IPHONEOS_DEPLOYMENT_TARGET = 7.0;
				MTL_ENABLE_DEBUG_INFO = NO;
				OTHER_LDFLAGS = "-ObjC";
				SDKROOT = iphoneos;
				VALIDATE_PRODUCT = YES;
			};
			name = Release;
		};
		18DCC615202581CC003452EE /* Debug */ = {
			isa = XCBuildConfiguration;
			baseConfigurationReference = A97E9F5CCAE01EEEA3BD8C1A /* Pods-OnlyTa.debug.xcconfig */;
			buildSettings = {
				ASSETCATALOG_COMPILER_APPICON_NAME = AppIcon;
				CODE_SIGN_STYLE = Automatic;
				DEVELOPMENT_TEAM = MBK892XXLN;
				INFOPLIST_FILE = OnlyTa/Info.plist;
				LD_RUNPATH_SEARCH_PATHS = "$(inherited) @executable_path/Frameworks";
				ONLY_ACTIVE_ARCH = YES;
				PRODUCT_BUNDLE_IDENTIFIER = "a1anwang.com.onlyta-ios";
				PRODUCT_NAME = "$(TARGET_NAME)";
				TARGETED_DEVICE_FAMILY = "1,2";
			};
			name = Debug;
		};
		18DCC616202581CC003452EE /* Release */ = {
			isa = XCBuildConfiguration;
			baseConfigurationReference = 0B9DF1608F5CD12C140E748D /* Pods-OnlyTa.release.xcconfig */;
			buildSettings = {
				ASSETCATALOG_COMPILER_APPICON_NAME = AppIcon;
				CODE_SIGN_STYLE = Automatic;
				DEVELOPMENT_TEAM = MBK892XXLN;
				INFOPLIST_FILE = OnlyTa/Info.plist;
				LD_RUNPATH_SEARCH_PATHS = "$(inherited) @executable_path/Frameworks";
				ONLY_ACTIVE_ARCH = YES;
				PRODUCT_BUNDLE_IDENTIFIER = "a1anwang.com.onlyta-ios";
				PRODUCT_NAME = "$(TARGET_NAME)";
				TARGETED_DEVICE_FAMILY = "1,2";
			};
			name = Release;
		};
/* End XCBuildConfiguration section */

/* Begin XCConfigurationList section */
		18DCC5F9202581CC003452EE /* Build configuration list for PBXProject "OnlyTa" */ = {
			isa = XCConfigurationList;
			buildConfigurations = (
				18DCC612202581CC003452EE /* Debug */,
				18DCC613202581CC003452EE /* Release */,
			);
			defaultConfigurationIsVisible = 0;
			defaultConfigurationName = Release;
		};
		18DCC614202581CC003452EE /* Build configuration list for PBXNativeTarget "OnlyTa" */ = {
			isa = XCConfigurationList;
			buildConfigurations = (
				18DCC615202581CC003452EE /* Debug */,
				18DCC616202581CC003452EE /* Release */,
			);
			defaultConfigurationIsVisible = 0;
			defaultConfigurationName = Release;
		};
/* End XCConfigurationList section */
	};
	rootObject = 18DCC5F6202581CC003452EE /* Project object */;
}
