PODS:
  - RongCloudIM/IMKit (2.8.27):
    - RongCloudIM/IMLib
  - RongCloudIM/IMLib (2.8.27)

DEPENDENCIES:
  - RongCloudIM/IMKit (~> 2.8.27)
  - RongCloudIM/IMLib (~> 2.8.27)

SPEC CHECKSUMS:
  RongCloudIM: 9993b47342d7ce2c338733470d3dfd8cecd38de1

PODFILE CHECKSUM: bd3457e92a4e1744cc528801cddc22db74639ad1

COCOAPODS: 1.4.0
